
Microsoft Visual Studio Solution File, Format Version 12.00
# Visual Studio 2012
Project("{E24C65DC-7377-472B-9ABA-BC803B73C61A}") = "ITMat", "http://localhost:52084", "{A00C2066-B952-46E4-8F20-C36988A35447}"
	ProjectSection(WebsiteProperties) = preProject
		UseIISExpress = "true"
		TargetFrameworkMoniker = ".NETFramework,Version%3Dv4.5"
		Debug.AspNetCompiler.VirtualPath = "/localhost_52084"
		Debug.AspNetCompiler.PhysicalPath = "ITMat\"
		Debug.AspNetCompiler.TargetPath = "PrecompiledWeb\localhost_52084\"
		Debug.AspNetCompiler.Updateable = "true"
		Debug.AspNetCompiler.ForceOverwrite = "true"
		Debug.AspNetCompiler.FixedNames = "false"
		Debug.AspNetCompiler.Debug = "True"
		Release.AspNetCompiler.VirtualPath = "/localhost_52084"
		Release.AspNetCompiler.PhysicalPath = "ITMat\"
		Release.AspNetCompiler.TargetPath = "PrecompiledWeb\localhost_52084\"
		Release.AspNetCompiler.Updateable = "true"
		Release.AspNetCompiler.ForceOverwrite = "true"
		Release.AspNetCompiler.FixedNames = "false"
		Release.AspNetCompiler.Debug = "False"
		SlnRelativePath = "ITMat\"
		DefaultWebSiteLanguage = "Visual C#"
	EndProjectSection
EndProject
Project("{FAE04EC0-301F-11D3-BF4B-00C04F79EFBC}") = "ITMat App", "ITMat App\ITMat App.csproj", "{12756BD9-70FA-4F33-B2BC-C006E8C34AAF}"
EndProject
Global
	GlobalSection(SolutionConfigurationPlatforms) = preSolution
		Debug|Any CPU = Debug|Any CPU
		Release|Any CPU = Release|Any CPU
	EndGlobalSection
	GlobalSection(ProjectConfigurationPlatforms) = postSolution
		{A00C2066-B952-46E4-8F20-C36988A35447}.Debug|Any CPU.ActiveCfg = Debug|Any CPU
		{A00C2066-B952-46E4-8F20-C36988A35447}.Debug|Any CPU.Build.0 = Debug|Any CPU
		{A00C2066-B952-46E4-8F20-C36988A35447}.Release|Any CPU.ActiveCfg = Debug|Any CPU
		{A00C2066-B952-46E4-8F20-C36988A35447}.Release|Any CPU.Build.0 = Debug|Any CPU
		{12756BD9-70FA-4F33-B2BC-C006E8C34AAF}.Debug|Any CPU.ActiveCfg = Debug|Any CPU
		{12756BD9-70FA-4F33-B2BC-C006E8C34AAF}.Debug|Any CPU.Build.0 = Debug|Any CPU
		{12756BD9-70FA-4F33-B2BC-C006E8C34AAF}.Release|Any CPU.ActiveCfg = Release|Any CPU
		{12756BD9-70FA-4F33-B2BC-C006E8C34AAF}.Release|Any CPU.Build.0 = Release|Any CPU
	EndGlobalSection
	GlobalSection(SolutionProperties) = preSolution
		HideSolutionNode = FALSE
	EndGlobalSection
EndGlobal
